
Microsoft Visual Studio Solution File, Format Version 12.00
# Visual Studio 14
VisualStudioVersion = 14.0.25123.0
MinimumVisualStudioVersion = 10.0.40219.1
Project("{FAE04EC0-301F-11D3-BF4B-00C04F79EFBC}") = "AspNet.Identity.Web", "AspNet.Identity.Web\AspNet.Identity.Web.csproj", "{CF07ECB0-3BFE-4747-B4FD-577687F8A3AE}"
EndProject
Project("{FAE04EC0-301F-11D3-BF4B-00C04F79EFBC}") = "AspNet.Mvc5", "AspNet.Mvc5\AspNet.Mvc5.csproj", "{EAEEB8AE-D99E-4634-81CF-337419ED7BB5}"
EndProject
Global
	GlobalSection(SolutionConfigurationPlatforms) = preSolution
		Debug|Any CPU = Debug|Any CPU
		Release|Any CPU = Release|Any CPU
	EndGlobalSection
	GlobalSection(ProjectConfigurationPlatforms) = postSolution
		{CF07ECB0-3BFE-4747-B4FD-577687F8A3AE}.Debug|Any CPU.ActiveCfg = Debug|Any CPU
		{CF07ECB0-3BFE-4747-B4FD-577687F8A3AE}.Debug|Any CPU.Build.0 = Debug|Any CPU
		{CF07ECB0-3BFE-4747-B4FD-577687F8A3AE}.Release|Any CPU.ActiveCfg = Release|Any CPU
		{CF07ECB0-3BFE-4747-B4FD-577687F8A3AE}.Release|Any CPU.Build.0 = Release|Any CPU
		{EAEEB8AE-D99E-4634-81CF-337419ED7BB5}.Debug|Any CPU.ActiveCfg = Debug|Any CPU
		{EAEEB8AE-D99E-4634-81CF-337419ED7BB5}.Debug|Any CPU.Build.0 = Debug|Any CPU
		{EAEEB8AE-D99E-4634-81CF-337419ED7BB5}.Release|Any CPU.ActiveCfg = Release|Any CPU
		{EAEEB8AE-D99E-4634-81CF-337419ED7BB5}.Release|Any CPU.Build.0 = Release|Any CPU
	EndGlobalSection
	GlobalSection(SolutionProperties) = preSolution
		HideSolutionNode = FALSE
	EndGlobalSection
EndGlobal
